
Microsoft Visual Studio Solution File, Format Version 12.00
# Visual Studio 15
VisualStudioVersion = 15.0.28307.1062
MinimumVisualStudioVersion = 10.0.40219.1
Project("{FAE04EC0-301F-11D3-BF4B-00C04F79EFBC}") = "CustomerManagement", "CustomerManagement\CustomerManagement.csproj", "{89E78373-56ED-4F25-B4EE-702420A71B5C}"
EndProject
Project("{FAE04EC0-301F-11D3-BF4B-00C04F79EFBC}") = "CustomerManagement.Tests", "CustomerManagement.Tests\CustomerManagement.Tests.csproj", "{8BE4F495-CB59-4C71-BF87-93E33507A50B}"
EndProject
Global
	GlobalSection(SolutionConfigurationPlatforms) = preSolution
		Debug|Any CPU = Debug|Any CPU
		Release|Any CPU = Release|Any CPU
	EndGlobalSection
	GlobalSection(ProjectConfigurationPlatforms) = postSolution
		{89E78373-56ED-4F25-B4EE-702420A71B5C}.Debug|Any CPU.ActiveCfg = Debug|Any CPU
		{89E78373-56ED-4F25-B4EE-702420A71B5C}.Debug|Any CPU.Build.0 = Debug|Any CPU
		{89E78373-56ED-4F25-B4EE-702420A71B5C}.Release|Any CPU.ActiveCfg = Release|Any CPU
		{89E78373-56ED-4F25-B4EE-702420A71B5C}.Release|Any CPU.Build.0 = Release|Any CPU
		{8BE4F495-CB59-4C71-BF87-93E33507A50B}.Debug|Any CPU.ActiveCfg = Debug|Any CPU
		{8BE4F495-CB59-4C71-BF87-93E33507A50B}.Debug|Any CPU.Build.0 = Debug|Any CPU
		{8BE4F495-CB59-4C71-BF87-93E33507A50B}.Release|Any CPU.ActiveCfg = Release|Any CPU
		{8BE4F495-CB59-4C71-BF87-93E33507A50B}.Release|Any CPU.Build.0 = Release|Any CPU
	EndGlobalSection
	GlobalSection(SolutionProperties) = preSolution
		HideSolutionNode = FALSE
	EndGlobalSection
	GlobalSection(ExtensibilityGlobals) = postSolution
		SolutionGuid = {6E2CEC88-BF8B-480A-84B5-A1AE0FF5F5A8}
	EndGlobalSection
EndGlobal
